version = 1
revision = 3
requires-python = ">=3.14"

[[package]]
name = "amiga-reversing2"
version = "0.1.0"
source = { virtual = "." }
dependencies = [
    { name = "machine68k" },
    { name = "pymupdf" },
]

[package.dev-dependencies]
dev = [
    { name = "pytest" },
]

[package.metadata]
requires-dist = [
    { name = "machine68k", path = "resources/machine68k/dist/machine68k-0.4.2.dev0+g61600df53.d20260308-cp314-cp314-win_amd64.whl" },
    { name = "pymupdf", specifier = ">=1.27.2" },
]

[package.metadata.requires-dev]
dev = [{ name = "pytest", specifier = ">=8" }]

[[package]]
name = "colorama"
version = "0.4.6"
source = { registry = "https://pypi.org/simple" }
sdist = { url = "https://files.pythonhosted.org/packages/d8/53/6f443c9a4a8358a93a6792e2acffb9d9d5cb0a5cfd8802644b7b1c9a02e4/colorama-0.4.6.tar.gz", hash = "sha256:08695f5cb7ed6e0531a20572697297273c47b8cae5a63ffc6d6ed5c201be6e44", size = 27697, upload-time = "2022-10-25T02:36:22.414Z" }
wheels = [
    { url = "https://files.pythonhosted.org/packages/d1/d6/3965ed04c63042e047cb6a3e6ed1a63a35087b6a609aa3a15ed8ac56c221/colorama-0.4.6-py2.py3-none-any.whl", hash = "sha256:4f1d9991f5acc0ca119f9d443620b77f9d6b33703e51011c16baf57afb285fc6", size = 25335, upload-time = "2022-10-25T02:36:20.889Z" },
]

[[package]]
name = "iniconfig"
version = "2.3.0"
source = { registry = "https://pypi.org/simple" }
sdist = { url = "https://files.pythonhosted.org/packages/72/34/14ca021ce8e5dfedc35312d08ba8bf51fdd999c576889fc2c24cb97f4f10/iniconfig-2.3.0.tar.gz", hash = "sha256:c76315c77db068650d49c5b56314774a7804df16fee4402c1f19d6d15d8c4730", size = 20503, upload-time = "2025-10-18T21:55:43.219Z" }
wheels = [
    { url = "https://files.pythonhosted.org/packages/cb/b1/3846dd7f199d53cb17f49cba7e651e9ce294d8497c8c150530ed11865bb8/iniconfig-2.3.0-py3-none-any.whl", hash = "sha256:f631c04d2c48c52b84d0d0549c99ff3859c98df65b3101406327ecc7d53fbf12", size = 7484, upload-time = "2025-10-18T21:55:41.639Z" },
]

[[package]]
name = "machine68k"
version = "0.4.2.dev0+g61600df53.d20260308"
source = { path = "resources/machine68k/dist/machine68k-0.4.2.dev0+g61600df53.d20260308-cp314-cp314-win_amd64.whl" }
wheels = [
    { filename = "machine68k-0.4.2.dev0+g61600df53.d20260308-cp314-cp314-win_amd64.whl", hash = "sha256:8bd62277b510ae0073dc73e9b47b5c08c87e48982dfc0b45ea85feadd637c42d" },
]

[[package]]
name = "packaging"
version = "26.0"
source = { registry = "https://pypi.org/simple" }
sdist = { url = "https://files.pythonhosted.org/packages/65/ee/299d360cdc32edc7d2cf530f3accf79c4fca01e96ffc950d8a52213bd8e4/packaging-26.0.tar.gz", hash = "sha256:00243ae351a257117b6a241061796684b084ed1c516a08c48a3f7e147a9d80b4", size = 143416, upload-time = "2026-01-21T20:50:39.064Z" }
wheels = [
    { url = "https://files.pythonhosted.org/packages/b7/b9/c538f279a4e237a006a2c98387d081e9eb060d203d8ed34467cc0f0b9b53/packaging-26.0-py3-none-any.whl", hash = "sha256:b36f1fef9334a5588b4166f8bcd26a14e521f2b55e6b9de3aaa80d3ff7a37529", size = 74366, upload-time = "2026-01-21T20:50:37.788Z" },
]

[[package]]
name = "pluggy"
version = "1.6.0"
source = { registry = "https://pypi.org/simple" }
sdist = { url = "https://files.pythonhosted.org/packages/f9/e2/3e91f31a7d2b083fe6ef3fa267035b518369d9511ffab804f839851d2779/pluggy-1.6.0.tar.gz", hash = "sha256:7dcc130b76258d33b90f61b658791dede3486c3e6bfb003ee5c9bfb396dd22f3", size = 69412, upload-time = "2025-05-15T12:30:07.975Z" }
wheels = [
    { url = "https://files.pythonhosted.org/packages/54/20/4d324d65cc6d9205fabedc306948156824eb9f0ee1633355a8f7ec5c66bf/pluggy-1.6.0-py3-none-any.whl", hash = "sha256:e920276dd6813095e9377c0bc5566d94c932c33b27a3e3945d8389c374dd4746", size = 20538, upload-time = "2025-05-15T12:30:06.134Z" },
]

[[package]]
name = "pygments"
version = "2.19.2"
source = { registry = "https://pypi.org/simple" }
sdist = { url = "https://files.pythonhosted.org/packages/b0/77/a5b8c569bf593b0140bde72ea885a803b82086995367bf2037de0159d924/pygments-2.19.2.tar.gz", hash = "sha256:636cb2477cec7f8952536970bc533bc43743542f70392ae026374600add5b887", size = 4968631, upload-time = "2025-06-21T13:39:12.283Z" }
wheels = [
    { url = "https://files.pythonhosted.org/packages/c7/21/705964c7812476f378728bdf590ca4b771ec72385c533964653c68e86bdc/pygments-2.19.2-py3-none-any.whl", hash = "sha256:86540386c03d588bb81d44bc3928634ff26449851e99741617ecb9037ee5ec0b", size = 1225217, upload-time = "2025-06-21T13:39:07.939Z" },
]

[[package]]
name = "pymupdf"
version = "1.27.2"
source = { registry = "https://pypi.org/simple" }
sdist = { url = "https://files.pythonhosted.org/packages/a4/fb/d80374ab091ab7ad5a5e7981a45c877ae094db668c1ab4d30f1109a4ec6a/pymupdf-1.27.2.tar.gz", hash = "sha256:37fc9cedeafb40839f86a074d4d9feab725144bdd4bbfd20308ff8957e2b10af", size = 85353104, upload-time = "2026-03-10T12:53:01.697Z" }
wheels = [
    { url = "https://files.pythonhosted.org/packages/98/ee/2c10b6bde83ee42f5150b690ace952a802a7e632776dadd42bbfe5b68601/pymupdf-1.27.2-cp310-abi3-macosx_10_9_x86_64.whl", hash = "sha256:a60ff9010d7025428e31d92ac2c9b4218c7c4844409d0b31a050565ea0a955fd", size = 23987468, upload-time = "2026-03-10T12:37:06.593Z" },
    { url = "https://files.pythonhosted.org/packages/44/06/c8cc8c8ade83f5a75ac0f543edc2bc3c52d8c38c1d55d1e0713558258540/pymupdf-1.27.2-cp310-abi3-macosx_11_0_arm64.whl", hash = "sha256:5095efb242cfe1c46fec1c864a13f000098564829c98366582dde7ad9e61aa32", size = 23262964, upload-time = "2026-03-10T12:37:23.915Z" },
    { url = "https://files.pythonhosted.org/packages/1a/8e/df2ab91a680a77c82bc4501cdca60767b3758d75552e4d2849647a16cbc0/pymupdf-1.27.2-cp310-abi3-manylinux_2_28_aarch64.whl", hash = "sha256:1081235fcfad268d801cd73a7b69c629939e2c46ed4d97035cb1bb7b5b90dc54", size = 24318675, upload-time = "2026-03-10T12:37:42.249Z" },
    { url = "https://files.pythonhosted.org/packages/ab/56/c6c16fa2dcfe2476ec28a9aaaca773dc35c593699e81e573211c91442770/pymupdf-1.27.2-cp310-abi3-manylinux_2_28_x86_64.whl", hash = "sha256:917f4dd52daea504d5c60e1430c17d637b5014a43e66d068b4b356effe087dba", size = 24947974, upload-time = "2026-03-10T12:38:00.779Z" },
    { url = "https://files.pythonhosted.org/packages/7b/4f/1659f1d80b5d2f5aad134c2ca63894c63daf47a3ffb7e18987fe25e49097/pymupdf-1.27.2-cp310-abi3-musllinux_1_2_x86_64.whl", hash = "sha256:9617d5e71c334937c804544fa201946c5f73d0a97b5842b96857bdabfefbc343", size = 25169417, upload-time = "2026-03-10T12:38:18.912Z" },
    { url = "https://files.pythonhosted.org/packages/05/23/e34d704f7242885dd1d67cfbe1040051a04b4b7e2cf1cbd27af9bd4500a3/pymupdf-1.27.2-cp310-abi3-win32.whl", hash = "sha256:6deef49e06c9a5d8670bf5835a911ab887dac4b3ed4bd60ab7d93da6aa8ff6f1", size = 18008725, upload-time = "2026-03-10T12:38:31.915Z" },
    { url = "https://files.pythonhosted.org/packages/f5/fb/a3f1f8813f6e93c65d1f7ebca6530a889f1ae109229b537f7a617b2aab57/pymupdf-1.27.2-cp310-abi3-win_amd64.whl", hash = "sha256:acdfdb7329882246545a0f6bc85f91739e2773ed81f9301c1687cffb826470f3", size = 19237944, upload-time = "2026-03-10T12:38:45.603Z" },
    { url = "https://files.pythonhosted.org/packages/e6/a4/e9257882f0569a21d51207a58f7586a799e76dc6b4008029a04f2329194c/pymupdf-1.27.2-cp314-cp314t-manylinux_2_28_x86_64.whl", hash = "sha256:261c916915cede4c546559810d3210277f86f31b52dd3de138f1e12d95a4c6b6", size = 24985149, upload-time = "2026-03-10T12:39:02.636Z" },
]

[[package]]
name = "pytest"
version = "9.0.2"
source = { registry = "https://pypi.org/simple" }
dependencies = [
    { name = "colorama", marker = "sys_platform == 'win32'" },
    { name = "iniconfig" },
    { name = "packaging" },
    { name = "pluggy" },
    { name = "pygments" },
]
sdist = { url = "https://files.pythonhosted.org/packages/d1/db/7ef3487e0fb0049ddb5ce41d3a49c235bf9ad299b6a25d5780a89f19230f/pytest-9.0.2.tar.gz", hash = "sha256:75186651a92bd89611d1d9fc20f0b4345fd827c41ccd5c299a868a05d70edf11", size = 1568901, upload-time = "2025-12-06T21:30:51.014Z" }
wheels = [
    { url = "https://files.pythonhosted.org/packages/3b/ab/b3226f0bd7cdcf710fbede2b3548584366da3b19b5021e74f5bde2a8fa3f/pytest-9.0.2-py3-none-any.whl", hash = "sha256:711ffd45bf766d5264d487b917733b453d917afd2b0ad65223959f59089f875b", size = 374801, upload-time = "2025-12-06T21:30:49.154Z" },
]
