version = 1
revision = 3
requires-python = ">=3.14"

[[package]]
name = "amiga-reversing2"
version = "0.1.0"
source = { virtual = "." }
dependencies = [
    { name = "machine68k" },
    { name = "pymupdf" },
]

[package.metadata]
requires-dist = [
    { name = "machine68k", path = "resources/machine68k/dist/machine68k-0.4.2.dev0+g61600df53.d20260308-cp314-cp314-win_amd64.whl" },
    { name = "pymupdf", specifier = ">=1.27.2" },
]

[[package]]
name = "machine68k"
version = "0.4.2.dev0+g61600df53.d20260308"
source = { path = "resources/machine68k/dist/machine68k-0.4.2.dev0+g61600df53.d20260308-cp314-cp314-win_amd64.whl" }
wheels = [
    { filename = "machine68k-0.4.2.dev0+g61600df53.d20260308-cp314-cp314-win_amd64.whl", hash = "sha256:8bd62277b510ae0073dc73e9b47b5c08c87e48982dfc0b45ea85feadd637c42d" },
]

[[package]]
name = "pymupdf"
version = "1.27.2"
source = { registry = "https://pypi.org/simple" }
sdist = { url = "https://files.pythonhosted.org/packages/a4/fb/d80374ab091ab7ad5a5e7981a45c877ae094db668c1ab4d30f1109a4ec6a/pymupdf-1.27.2.tar.gz", hash = "sha256:37fc9cedeafb40839f86a074d4d9feab725144bdd4bbfd20308ff8957e2b10af", size = 85353104, upload-time = "2026-03-10T12:53:01.697Z" }
wheels = [
    { url = "https://files.pythonhosted.org/packages/98/ee/2c10b6bde83ee42f5150b690ace952a802a7e632776dadd42bbfe5b68601/pymupdf-1.27.2-cp310-abi3-macosx_10_9_x86_64.whl", hash = "sha256:a60ff9010d7025428e31d92ac2c9b4218c7c4844409d0b31a050565ea0a955fd", size = 23987468, upload-time = "2026-03-10T12:37:06.593Z" },
    { url = "https://files.pythonhosted.org/packages/44/06/c8cc8c8ade83f5a75ac0f543edc2bc3c52d8c38c1d55d1e0713558258540/pymupdf-1.27.2-cp310-abi3-macosx_11_0_arm64.whl", hash = "sha256:5095efb242cfe1c46fec1c864a13f000098564829c98366582dde7ad9e61aa32", size = 23262964, upload-time = "2026-03-10T12:37:23.915Z" },
    { url = "https://files.pythonhosted.org/packages/1a/8e/df2ab91a680a77c82bc4501cdca60767b3758d75552e4d2849647a16cbc0/pymupdf-1.27.2-cp310-abi3-manylinux_2_28_aarch64.whl", hash = "sha256:1081235fcfad268d801cd73a7b69c629939e2c46ed4d97035cb1bb7b5b90dc54", size = 24318675, upload-time = "2026-03-10T12:37:42.249Z" },
    { url = "https://files.pythonhosted.org/packages/ab/56/c6c16fa2dcfe2476ec28a9aaaca773dc35c593699e81e573211c91442770/pymupdf-1.27.2-cp310-abi3-manylinux_2_28_x86_64.whl", hash = "sha256:917f4dd52daea504d5c60e1430c17d637b5014a43e66d068b4b356effe087dba", size = 24947974, upload-time = "2026-03-10T12:38:00.779Z" },
    { url = "https://files.pythonhosted.org/packages/7b/4f/1659f1d80b5d2f5aad134c2ca63894c63daf47a3ffb7e18987fe25e49097/pymupdf-1.27.2-cp310-abi3-musllinux_1_2_x86_64.whl", hash = "sha256:9617d5e71c334937c804544fa201946c5f73d0a97b5842b96857bdabfefbc343", size = 25169417, upload-time = "2026-03-10T12:38:18.912Z" },
    { url = "https://files.pythonhosted.org/packages/05/23/e34d704f7242885dd1d67cfbe1040051a04b4b7e2cf1cbd27af9bd4500a3/pymupdf-1.27.2-cp310-abi3-win32.whl", hash = "sha256:6deef49e06c9a5d8670bf5835a911ab887dac4b3ed4bd60ab7d93da6aa8ff6f1", size = 18008725, upload-time = "2026-03-10T12:38:31.915Z" },
    { url = "https://files.pythonhosted.org/packages/f5/fb/a3f1f8813f6e93c65d1f7ebca6530a889f1ae109229b537f7a617b2aab57/pymupdf-1.27.2-cp310-abi3-win_amd64.whl", hash = "sha256:acdfdb7329882246545a0f6bc85f91739e2773ed81f9301c1687cffb826470f3", size = 19237944, upload-time = "2026-03-10T12:38:45.603Z" },
    { url = "https://files.pythonhosted.org/packages/e6/a4/e9257882f0569a21d51207a58f7586a799e76dc6b4008029a04f2329194c/pymupdf-1.27.2-cp314-cp314t-manylinux_2_28_x86_64.whl", hash = "sha256:261c916915cede4c546559810d3210277f86f31b52dd3de138f1e12d95a4c6b6", size = 24985149, upload-time = "2026-03-10T12:39:02.636Z" },
]
